[[package]]
name = "aiohappyeyeballs"
version = "2.6.1"
description = "Happy Eyeballs for asyncio"
category = "main"
optional = false
python-versions = ">=3.9"

[[package]]
name = "aiohttp"
version = "3.12.15"
description = "Async http client/server framework (asyncio)"
category = "main"
optional = false
python-versions = ">=3.9"

[package.dependencies]
aiohappyeyeballs = ">=2.5.0"
aiosignal = ">=1.4.0"
async-timeout = {version = ">=4.0,<6.0", markers = "python_version < \"3.11\""}
attrs = ">=17.3.0"
frozenlist = ">=1.1.1"
multidict = ">=4.5,<7.0"
propcache = ">=0.2.0"
yarl = ">=1.17.0,<2.0"

[package.extras]
speedups = ["aiodns (>=3.3.0)", "brotli", "brotlicffi"]

[[package]]
name = "aiosignal"
version = "1.4.0"
description = "aiosignal: a list of registered asynchronous callbacks"
category = "main"
optional = false
python-versions = ">=3.9"

[package.dependencies]
frozenlist = ">=1.1.0"
typing-extensions = {version = ">=4.2", markers = "python_version < \"3.13\""}

[[package]]
name = "amqp"
version = "5.3.1"
description = "Low-level AMQP client for Python (fork of amqplib)."
category = "main"
optional = false
python-versions = ">=3.6"

[package.dependencies]
vine = ">=5.0.0,<6.0.0"

[[package]]
name = "asgiref"
version = "3.9.1"
description = "ASGI specs, helper code, and adapters"
category = "main"
optional = false
python-versions = ">=3.9"

[package.dependencies]
typing_extensions = {version = ">=4", markers = "python_version < \"3.11\""}

[package.extras]
tests = ["pytest", "pytest-asyncio", "mypy (>=1.14.0)"]

[[package]]
name = "async-timeout"
version = "5.0.1"
description = "Timeout context manager for asyncio programs"
category = "main"
optional = false
python-versions = ">=3.8"

[[package]]
name = "asyncio"
version = "3.4.3"
description = "reference implementation of PEP 3156"
category = "main"
optional = false
python-versions = "*"

[[package]]
name = "attrs"
version = "25.3.0"
description = "Classes Without Boilerplate"
category = "main"
optional = false
python-versions = ">=3.8"

[package.extras]
benchmark = ["cloudpickle", "hypothesis", "mypy (>=1.11.1)", "pympler", "pytest-codspeed", "pytest-mypy-plugins", "pytest-xdist", "pytest (>=4.3.0)"]
cov = ["cloudpickle", "coverage[toml] (>=5.3)", "hypothesis", "mypy (>=1.11.1)", "pympler", "pytest-mypy-plugins", "pytest-xdist", "pytest (>=4.3.0)"]
dev = ["cloudpickle", "hypothesis", "mypy (>=1.11.1)", "pre-commit-uv", "pympler", "pytest-mypy-plugins", "pytest-xdist", "pytest (>=4.3.0)"]
docs = ["cogapp", "furo", "myst-parser", "sphinx", "sphinx-notfound-page", "sphinxcontrib-towncrier", "towncrier"]
tests = ["cloudpickle", "hypothesis", "mypy (>=1.11.1)", "pympler", "pytest-mypy-plugins", "pytest-xdist", "pytest (>=4.3.0)"]
tests-mypy = ["mypy (>=1.11.1)", "pytest-mypy-plugins"]

[[package]]
name = "billiard"
version = "4.2.1"
description = "Python multiprocessing fork with improvements and bugfixes"
category = "main"
optional = false
python-versions = ">=3.7"

[[package]]
name = "black"
version = "25.1.0"
description = "The uncompromising code formatter."
category = "dev"
optional = false
python-versions = ">=3.9"

[package.dependencies]
click = ">=8.0.0"
mypy-extensions = ">=0.4.3"
packaging = ">=22.0"
pathspec = ">=0.9.0"
platformdirs = ">=2"
tomli = {version = ">=1.1.0", markers = "python_version < \"3.11\""}
typing-extensions = {version = ">=4.0.1", markers = "python_version < \"3.11\""}

[package.extras]
colorama = ["colorama (>=0.4.3)"]
d = ["aiohttp (>=3.10)"]
jupyter = ["ipython (>=7.8.0)", "tokenize-rt (>=3.2.0)"]
uvloop = ["uvloop (>=0.15.2)"]

[[package]]
name = "celery"
version = "5.5.3"
description = "Distributed Task Queue."
category = "main"
optional = false
python-versions = ">=3.8"

[package.dependencies]
billiard = ">=4.2.1,<5.0"
click = ">=8.1.2,<9.0"
click-didyoumean = ">=0.3.0"
click-plugins = ">=1.1.1"
click-repl = ">=0.2.0"
kombu = ">=5.5.2,<5.6"
python-dateutil = ">=2.8.2"
vine = ">=5.1.0,<6.0"

[package.extras]
arangodb = ["pyArango (>=2.0.2)"]
auth = ["cryptography (==44.0.2)"]
azureblockblob = ["azure-storage-blob (>=12.15.0)", "azure-identity (>=1.19.0)"]
brotli = ["brotlipy (>=0.7.0)", "brotli (>=1.0.0)"]
cassandra = ["cassandra-driver (>=3.25.0,<4)"]
consul = ["python-consul2 (==0.1.5)"]
cosmosdbsql = ["pydocumentdb (==2.3.5)"]
couchbase = ["couchbase (>=3.0.0)"]
couchdb = ["pycouchdb (==1.16.0)"]
django = ["Django (>=2.2.28)"]
dynamodb = ["boto3 (>=1.26.143)"]
elasticsearch = ["elasticsearch (<=8.17.2)", "elastic-transport (<=8.17.1)"]
eventlet = ["eventlet (>=0.32.0)"]
gevent = ["gevent (>=1.5.0)"]
gcs = ["google-cloud-storage (>=2.10.0)", "google-cloud-firestore (==2.20.1)", "grpcio (==1.67.0)"]
librabbitmq = ["librabbitmq (>=2.0.0)"]
memcache = ["pylibmc (==1.6.3)"]
mongodb = ["kombu"]
msgpack = ["kombu"]
pymemcache = ["python-memcached (>=1.61)"]
pydantic = ["pydantic (>=2.4)"]
pyro = ["pyro4 (==4.82)"]
pytest = ["pytest-celery[all] (>=1.2.0,<1.3.0)"]
redis = ["kombu"]
s3 = ["boto3 (>=1.26.143)"]
slmq = ["softlayer_messaging (>=1.0.3)"]
solar = ["ephem (==4.2)"]
sqlalchemy = ["kombu"]
sqs = ["boto3 (>=1.26.143)", "urllib3 (>=1.26.16)", "kombu[sqs] (>=5.5.0)"]
tblib = ["tblib (>=1.5.0)", "tblib (>=1.3.0)"]
yaml = ["kombu"]
zookeeper = ["kazoo (>=1.3.1)"]
zstd = ["zstandard (==0.23.0)"]

[[package]]
name = "cffi"
version = "1.17.1"
description = "Foreign Function Interface for Python calling C code."
category = "main"
optional = false
python-versions = ">=3.8"

[package.dependencies]
pycparser = "*"

[[package]]
name = "click"
version = "8.2.2"
description = "Composable command line interface toolkit"
category = "main"
optional = false
python-versions = ">=3.10"

[package.dependencies]
colorama = {version = "*", markers = "platform_system == \"Windows\""}

[[package]]
name = "click-didyoumean"
version = "0.3.1"
description = "Enables git-like *did-you-mean* feature in click"
category = "main"
optional = false
python-versions = ">=3.6.2"

[package.dependencies]
click = ">=7"

[[package]]
name = "click-plugins"
version = "1.1.1.2"
description = "An extension module for click to enable registering CLI commands via setuptools entry-points."
category = "main"
optional = false
python-versions = "*"

[package.dependencies]
click = ">=4.0"

[package.extras]
dev = ["pytest (>=3.6)", "pytest-cov", "wheel", "coveralls"]

[[package]]
name = "click-repl"
version = "0.3.0"
description = "REPL plugin for Click"
category = "main"
optional = false
python-versions = ">=3.6"

[package.dependencies]
click = ">=7.0"
prompt-toolkit = ">=3.0.36"

[package.extras]
testing = ["pytest-cov (>=4.0.0)", "pytest (>=7.2.1)", "tox (>=4.4.3)"]

[[package]]
name = "colorama"
version = "0.4.6"
description = "Cross-platform colored terminal text."
category = "main"
optional = false
python-versions = "!=3.0.*,!=3.1.*,!=3.2.*,!=3.3.*,!=3.4.*,!=3.5.*,!=3.6.*,>=2.7"

[[package]]
name = "coverage"
version = "7.10.5"
description = "Code coverage measurement for Python"
category = "dev"
optional = false
python-versions = ">=3.9"

[package.dependencies]
tomli = {version = "*", optional = true, markers = "python_full_version <= \"3.11.0a6\" and extra == \"toml\""}

[package.extras]
toml = ["tomli"]

[[package]]
name = "cryptography"
version = "45.0.6"
description = "cryptography is a package which provides cryptographic recipes and primitives to Python developers."
category = "main"
optional = false
python-versions = "!=3.9.0,!=3.9.1,>=3.7"

[package.dependencies]
cffi = {version = ">=1.14", markers = "platform_python_implementation != \"PyPy\""}

[package.extras]
ssh = ["bcrypt (>=3.1.5)"]
nox = ["nox (>=2024.4.15)", "nox[uv] (>=2024.3.2)"]
test = ["cryptography-vectors (==45.0.6)", "pytest (>=7.4.0)", "pytest-benchmark (>=4.0)", "pytest-cov (>=2.10.1)", "pytest-xdist (>=3.5.0)", "pretend (>=0.7)", "certifi (>=2024)"]
test-randomorder = ["pytest-randomly"]
docs = ["sphinx (>=5.3.0)", "sphinx-rtd-theme (>=3.0.0)", "sphinx-inline-tabs"]
docstest = ["pyenchant (>=3)", "readme-renderer (>=30.0)", "sphinxcontrib-spelling (>=7.3.1)"]
sdist = ["build (>=1.0.0)"]
pep8test = ["ruff (>=0.3.6)", "mypy (>=1.4)", "check-sdist", "click (>=8.0.1)"]

[[package]]
name = "dj-rest-auth"
version = "7.0.1"
description = "Authentication and Registration in Django Rest Framework"
category = "main"
optional = false
python-versions = ">=3.8"

[package.dependencies]
Django = ">=4.2,<6.0"
djangorestframework = ">=3.13.0"

[package.extras]
with-social = ["django-allauth[socialaccount] (>=64.0.0)"]

[[package]]
name = "django"
version = "5.2.5"
description = "A high-level Python web framework that encourages rapid development and clean, pragmatic design."
category = "main"
optional = false
python-versions = ">=3.10"

[package.dependencies]
asgiref = ">=3.8.1"
sqlparse = ">=0.3.1"
tzdata = {version = "*", markers = "sys_platform == \"win32\""}

[package.extras]
argon2 = ["argon2-cffi (>=19.1.0)"]
bcrypt = ["bcrypt"]

[[package]]
name = "django-allauth"
version = "65.11.1"
description = "Integrated set of Django applications addressing authentication, registration, account management as well as 3rd party (social) account authentication."
category = "main"
optional = false
python-versions = ">=3.8"

[package.dependencies]
asgiref = ">=3.8.1"
Django = ">=4.2.16"

[package.extras]
headless-spec = ["PyYAML (>=6,<7)"]
idp-oidc = ["oauthlib (>=3.3.0,<4)", "pyjwt[crypto] (>=2.0,<3)"]
mfa = ["qrcode (>=7.0.0,<9)", "fido2 (>=1.1.2,<3)"]
openid = ["python3-openid (>=3.0.8,<4)"]
saml = ["python3-saml (>=1.15.0,<2.0.0)"]
steam = ["python3-openid (>=3.0.8,<4)"]
socialaccount = ["oauthlib (>=3.3.0,<4)", "requests (>=2.0.0,<3)", "pyjwt[crypto] (>=2.0,<3)"]

[[package]]
name = "django-cors-headers"
version = "4.7.0"
description = "django-cors-headers is a Django application for handling the server headers required for Cross-Origin Resource Sharing (CORS)."
category = "main"
optional = false
python-versions = ">=3.9"

[package.dependencies]
asgiref = ">=3.6"
django = ">=4.2"

[[package]]
name = "django-environ"
version = "0.12.0"
description = "A package that allows you to utilize 12factor inspired environment variables to configure your Django application."
category = "main"
optional = false
python-versions = "<4,>=3.9"

[package.extras]
testing = ["coverage[toml] (>=5.0a4)", "pytest (>=4.6.11)", "setuptools (>=71.0.0)"]
docs = ["furo (>=2024.8.6)", "sphinx (>=5.0)", "sphinx-notfound-page"]
develop = ["coverage[toml] (>=5.0a4)", "pytest (>=4.6.11)", "setuptools (>=71.0.0)", "furo (>=2024.8.6)", "sphinx (>=5.0)", "sphinx-notfound-page"]

[[package]]
name = "django-extensions"
version = "3.2.3"
description = "Extensions for Django"
category = "main"
optional = false
python-versions = ">=3.6"

[package.dependencies]
Django = ">=3.2"

[[package]]
name = "django-filter"
version = "24.3"
description = "Django-filter is a reusable Django application for allowing users to filter querysets dynamically."
category = "main"
optional = false
python-versions = ">=3.8"

[package.dependencies]
Django = ">=4.2"

[[package]]
name = "djangorestframework"
version = "3.16.1"
description = "Web APIs for Django, made easy."
category = "main"
optional = false
python-versions = ">=3.9"

[package.dependencies]
django = ">=4.2"

[[package]]
name = "drf-jwt"
version = "1.19.2"
description = "JSON Web Token based authentication for Django REST framework"
category = "main"
optional = false
python-versions = "!=3.0.*,!=3.1.*,!=3.2.*,!=3.3.*,!=3.4.*,>=2.7"

[package.dependencies]
Django = ">=1.11"
djangorestframework = ">=3.7"
PyJWT = {version = ">=1.5.2,<3.0.0", extras = ["crypto"]}

[package.extras]
dev = ["tox"]
docs = ["mkdocs (==0.13.2)"]
lint = ["isort", "black", "flake8"]
test = ["mock", "pytest (>=3.0)", "pytest-cov", "pytest-django", "pytest-runner", "six"]

[[package]]
name = "drf-spectacular"
version = "0.28.0"
description = "Sane and flexible OpenAPI 3 schema generation for Django REST framework"
category = "main"
optional = false
python-versions = ">=3.7"

[package.dependencies]
Django = ">=2.2"
djangorestframework = ">=3.10.3"
inflection = ">=0.3.1"
jsonschema = ">=2.6.0"
PyYAML = ">=5.1"
uritemplate = ">=2.0.0"

[package.extras]
offline = ["drf-spectacular-sidecar"]
sidecar = ["drf-spectacular-sidecar"]

[[package]]
name = "exceptiongroup"
version = "1.3.0"
description = "Backport of PEP 654 (exception groups)"
category = "dev"
optional = false
python-versions = ">=3.7"

[package.dependencies]
typing-extensions = {version = ">=4.6.0", markers = "python_version < \"3.13\""}

[package.extras]
test = ["pytest (>=6)"]

[[package]]
name = "flake8"
version = "7.3.0"
description = "the modular source code checker: pep8 pyflakes and co"
category = "dev"
optional = false
python-versions = ">=3.9"

[package.dependencies]
mccabe = ">=0.7.0,<0.8.0"
pycodestyle = ">=2.14.0,<2.15.0"
pyflakes = ">=3.4.0,<3.5.0"

[[package]]
name = "frozenlist"
version = "1.7.0"
description = "A list-like structure which implements collections.abc.MutableSequence"
category = "main"
optional = false
python-versions = ">=3.9"

[[package]]
name = "grpcio"
version = "1.74.0"
description = "HTTP/2-based RPC framework"
category = "main"
optional = false
python-versions = ">=3.9"

[package.extras]
protobuf = ["grpcio-tools (>=1.74.0)"]

[[package]]
name = "grpcio-tools"
version = "1.74.0"
description = "Protobuf code generator for gRPC"
category = "main"
optional = false
python-versions = ">=3.9"

[package.dependencies]
grpcio = ">=1.74.0"
protobuf = ">=6.31.1,<7.0.0"

[[package]]
name = "idna"
version = "3.10"
description = "Internationalized Domain Names in Applications (IDNA)"
category = "main"
optional = false
python-versions = ">=3.6"

[package.extras]
all = ["ruff (>=0.6.2)", "mypy (>=1.11.2)", "pytest (>=8.3.2)", "flake8 (>=7.1.1)"]

[[package]]
name = "imageio"
version = "2.37.0"
description = "Library for reading and writing a wide range of image, video, scientific, and volumetric data formats."
category = "main"
optional = false
python-versions = ">=3.9"

[package.dependencies]
numpy = "*"
pillow = ">=8.3.2"

[package.extras]
all-plugins = ["astropy", "av", "imageio-ffmpeg", "numpy (>2)", "pillow-heif", "psutil", "rawpy", "tifffile"]
all-plugins-pypy = ["av", "imageio-ffmpeg", "pillow-heif", "psutil", "tifffile"]
build = ["wheel"]
dev = ["pytest", "pytest-cov", "fsspec", "black", "flake8"]
docs = ["sphinx (<6)", "numpydoc", "pydata-sphinx-theme"]
ffmpeg = ["imageio-ffmpeg", "psutil"]
fits = ["astropy"]
full = ["astropy", "av", "black", "flake8", "fsspec", "gdal", "imageio-ffmpeg", "itk", "numpy (>2)", "numpydoc", "pillow-heif", "psutil", "pydata-sphinx-theme", "pytest", "pytest-cov", "rawpy", "sphinx (<6)", "tifffile", "wheel"]
gdal = ["gdal"]
itk = ["itk"]
linting = ["black", "flake8"]
pillow-heif = ["pillow-heif"]
pyav = ["av"]
rawpy = ["rawpy", "numpy (>2)"]
test = ["pytest", "pytest-cov", "fsspec"]
tifffile = ["tifffile"]

[[package]]
name = "inflection"
version = "0.5.1"
description = "A port of Ruby on Rails inflector to Python"
category = "main"
optional = false
python-versions = ">=3.5"

[[package]]
name = "iniconfig"
version = "2.1.0"
description = "brain-dead simple config-ini parsing"
category = "dev"
optional = false
python-versions = ">=3.8"

[[package]]
name = "isort"
version = "6.0.1"
description = "A Python utility / library to sort Python imports."
category = "dev"
optional = false
python-versions = ">=3.9.0"

[package.extras]
colors = ["colorama"]
plugins = ["setuptools"]

[[package]]
name = "jsonschema"
version = "4.25.1"
description = "An implementation of JSON Schema validation for Python"
category = "main"
optional = false
python-versions = ">=3.9"

[package.dependencies]
attrs = ">=22.2.0"
jsonschema-specifications = ">=2023.03.6"
referencing = ">=0.28.4"
rpds-py = ">=0.7.1"

[package.extras]
format = ["fqdn", "idna", "isoduration", "jsonpointer (>1.13)", "rfc3339-validator", "rfc3987", "uri-template", "webcolors (>=1.11)"]
format-nongpl = ["fqdn", "idna", "isoduration", "jsonpointer (>1.13)", "rfc3339-validator", "rfc3986-validator (>0.1.0)", "rfc3987-syntax (>=1.1.0)", "uri-template", "webcolors (>=24.6.0)"]

[[package]]
name = "jsonschema-specifications"
version = "2025.4.1"
description = "The JSON Schema meta-schemas and vocabularies, exposed as a Registry"
category = "main"
optional = false
python-versions = ">=3.9"

[package.dependencies]
referencing = ">=0.31.0"

[[package]]
name = "kombu"
version = "5.5.4"
description = "Messaging library for Python."
category = "main"
optional = false
python-versions = ">=3.8"

[package.dependencies]
amqp = ">=5.1.1,<6.0.0"
packaging = "*"
tzdata = {version = ">=2025.2", markers = "python_version >= \"3.9\""}
vine = "5.1.0"

[package.extras]
msgpack = ["msgpack (==1.1.0)"]
yaml = ["PyYAML (>=3.10)"]
redis = ["redis (>=4.5.2,!=4.5.5,!=5.0.2,<=5.2.1)"]
mongodb = ["pymongo (==4.10.1)"]
sqs = ["boto3 (>=1.26.143)", "urllib3 (>=1.26.16)"]
gcpubsub = ["google-cloud-pubsub (>=2.18.4)", "google-cloud-monitoring (>=2.16.0)", "grpcio (==1.67.0)", "protobuf (==4.25.5)"]
zookeeper = ["kazoo (>=2.8.0)"]
sqlalchemy = ["sqlalchemy (>=1.4.48,<2.1)"]
librabbitmq = ["librabbitmq (>=2.0.0)"]
pyro = ["pyro4 (==4.82)"]
slmq = ["softlayer_messaging (>=1.0.3)"]
azurestoragequeues = ["azure-storage-queue (>=12.6.0)", "azure-identity (>=1.12.0)"]
azureservicebus = ["azure-servicebus (>=7.10.0)"]
qpid = ["qpid-python (>=0.26)", "qpid-tools (>=0.26)"]
consul = ["python-consul2 (==0.1.5)"]
confluentkafka = ["confluent-kafka (>=2.2.0)"]

[[package]]
name = "markdown"
version = "3.8.2"
description = "Python implementation of John Gruber's Markdown."
category = "main"
optional = false
python-versions = ">=3.9"

[package.extras]
testing = ["coverage", "pyyaml"]
docs = ["mkdocs (>=1.6)", "mkdocs-nature (>=0.6)", "mdx_gh_links (>=0.2)", "mkdocstrings", "mkdocs-gen-files", "mkdocs-section-index", "mkdocs-literate-nav"]

[[package]]
name = "mccabe"
version = "0.7.0"
description = "McCabe checker, plugin for flake8"
category = "dev"
optional = false
python-versions = ">=3.6"

[[package]]
name = "multidict"
version = "6.6.4"
description = "multidict implementation"
category = "main"
optional = false
python-versions = ">=3.9"

[package.dependencies]
typing-extensions = {version = ">=4.1.0", markers = "python_version < \"3.11\""}

[[package]]
name = "mypy-extensions"
version = "1.1.0"
description = "Type system extensions for programs checked with the mypy type checker."
category = "dev"
optional = false
python-versions = ">=3.8"

[[package]]
name = "numpy"
version = "2.2.6"
description = "Fundamental package for array computing in Python"
category = "main"
optional = false
python-versions = ">=3.10"

[[package]]
name = "numpy"
version = "2.3.2"
description = "Fundamental package for array computing in Python"
category = "main"
optional = false
python-versions = ">=3.11"

[[package]]
name = "packaging"
version = "25.0"
description = "Core utilities for Python packages"
category = "main"
optional = false
python-versions = ">=3.8"

[[package]]
name = "pandas"
version = "2.3.2"
description = "Powerful data structures for data analysis, time series, and statistics"
category = "main"
optional = false
python-versions = ">=3.9"

[package.dependencies]
numpy = [
    {version = ">=1.22.4", markers = "python_version < \"3.11\""},
    {version = ">=1.23.2", markers = "python_version == \"3.11\""},
    {version = ">=1.26.0", markers = "python_version >= \"3.12\""},
]
python-dateutil = ">=2.8.2"
pytz = ">=2020.1"
tzdata = ">=2022.7"

[package.extras]
test = ["hypothesis (>=6.46.1)", "pytest (>=7.3.2)", "pytest-xdist (>=2.2.0)"]
pyarrow = ["pyarrow (>=10.0.1)"]
performance = ["bottleneck (>=1.3.6)", "numba (>=0.56.4)", "numexpr (>=2.8.4)"]
computation = ["scipy (>=1.10.0)", "xarray (>=2022.12.0)"]
fss = ["fsspec (>=2022.11.0)"]
aws = ["s3fs (>=2022.11.0)"]
gcp = ["gcsfs (>=2022.11.0)", "pandas-gbq (>=0.19.0)"]
excel = ["odfpy (>=1.4.1)", "openpyxl (>=3.1.0)", "python-calamine (>=0.1.7)", "pyxlsb (>=1.0.10)", "xlrd (>=2.0.1)", "xlsxwriter (>=3.0.5)"]
parquet = ["pyarrow (>=10.0.1)"]
feather = ["pyarrow (>=10.0.1)"]
hdf5 = ["tables (>=3.8.0)"]
spss = ["pyreadstat (>=1.2.0)"]
postgresql = ["SQLAlchemy (>=2.0.0)", "psycopg2 (>=2.9.6)", "adbc-driver-postgresql (>=0.8.0)"]
mysql = ["SQLAlchemy (>=2.0.0)", "pymysql (>=1.0.2)"]
sql-other = ["SQLAlchemy (>=2.0.0)", "adbc-driver-postgresql (>=0.8.0)", "adbc-driver-sqlite (>=0.8.0)"]
html = ["beautifulsoup4 (>=4.11.2)", "html5lib (>=1.1)", "lxml (>=4.9.2)"]
xml = ["lxml (>=4.9.2)"]
plot = ["matplotlib (>=3.6.3)"]
output-formatting = ["jinja2 (>=3.1.2)", "tabulate (>=0.9.0)"]
clipboard = ["PyQt5 (>=5.15.9)", "qtpy (>=2.3.0)"]
compression = ["zstandard (>=0.19.0)"]
consortium-standard = ["dataframe-api-compat (>=0.1.7)"]
all = ["adbc-driver-postgresql (>=0.8.0)", "adbc-driver-sqlite (>=0.8.0)", "beautifulsoup4 (>=4.11.2)", "bottleneck (>=1.3.6)", "dataframe-api-compat (>=0.1.7)", "fastparquet (>=2022.12.0)", "fsspec (>=2022.11.0)", "gcsfs (>=2022.11.0)", "html5lib (>=1.1)", "hypothesis (>=6.46.1)", "jinja2 (>=3.1.2)", "lxml (>=4.9.2)", "matplotlib (>=3.6.3)", "numba (>=0.56.4)", "numexpr (>=2.8.4)", "odfpy (>=1.4.1)", "openpyxl (>=3.1.0)", "pandas-gbq (>=0.19.0)", "psycopg2 (>=2.9.6)", "pyarrow (>=10.0.1)", "pymysql (>=1.0.2)", "PyQt5 (>=5.15.9)", "pyreadstat (>=1.2.0)", "pytest (>=7.3.2)", "pytest-xdist (>=2.2.0)", "python-calamine (>=0.1.7)", "pyxlsb (>=1.0.10)", "qtpy (>=2.3.0)", "scipy (>=1.10.0)", "s3fs (>=2022.11.0)", "SQLAlchemy (>=2.0.0)", "tables (>=3.8.0)", "tabulate (>=0.9.0)", "xarray (>=2022.12.0)", "xlrd (>=2.0.1)", "xlsxwriter (>=3.0.5)", "zstandard (>=0.19.0)"]

[[package]]
name = "pathspec"
version = "0.12.1"
description = "Utility library for gitignore style pattern matching of file paths."
category = "dev"
optional = false
python-versions = ">=3.8"

[[package]]
name = "pillow"
version = "11.3.0"
description = "Python Imaging Library (Fork)"
category = "main"
optional = false
python-versions = ">=3.9"

[package.extras]
docs = ["furo", "olefile", "sphinx (>=8.2)", "sphinx-autobuild", "sphinx-copybutton", "sphinx-inline-tabs", "sphinxext-opengraph"]
fpx = ["olefile"]
mic = ["olefile"]
test-arrow = ["pyarrow"]
tests = ["check-manifest", "coverage (>=7.4.2)", "defusedxml", "markdown2", "olefile", "packaging", "pyroma", "pytest", "pytest-cov", "pytest-timeout", "pytest-xdist", "trove-classifiers (>=2024.10.12)"]
typing = ["typing-extensions"]
xmp = ["defusedxml"]

[[package]]
name = "platformdirs"
version = "4.4.0"
description = "A small Python package for determining appropriate platform-specific dirs, e.g. a `user data dir`."
category = "dev"
optional = false
python-versions = ">=3.9"

[package.extras]
docs = ["furo (>=2024.8.6)", "proselint (>=0.14)", "sphinx-autodoc-typehints (>=3)", "sphinx (>=8.1.3)"]
test = ["appdirs (==1.4.4)", "covdefaults (>=2.3)", "pytest-cov (>=6)", "pytest-mock (>=3.14)", "pytest (>=8.3.4)"]
type = ["mypy (>=1.14.1)"]

[[package]]
name = "pluggy"
version = "1.6.0"
description = "plugin and hook calling mechanisms for python"
category = "dev"
optional = false
python-versions = ">=3.9"

[package.extras]
dev = ["pre-commit", "tox"]
testing = ["pytest", "pytest-benchmark", "coverage"]

[[package]]
name = "prompt-toolkit"
version = "3.0.52"
description = "Library for building powerful interactive command lines in Python"
category = "main"
optional = false
python-versions = ">=3.8"

[package.dependencies]
wcwidth = "*"

[[package]]
name = "propcache"
version = "0.3.2"
description = "Accelerated property cache"
category = "main"
optional = false
python-versions = ">=3.9"

[[package]]
name = "protobuf"
version = "6.32.0"
description = ""
category = "main"
optional = false
python-versions = ">=3.9"

[[package]]
name = "psycopg2"
version = "2.9.10"
description = "psycopg2 - Python-PostgreSQL Database Adapter"
category = "main"
optional = false
python-versions = ">=3.8"

[[package]]
name = "psycopg2-binary"
version = "2.9.10"
description = "psycopg2 - Python-PostgreSQL Database Adapter"
category = "main"
optional = false
python-versions = ">=3.8"

[[package]]
name = "pycodestyle"
version = "2.14.0"
description = "Python style guide checker"
category = "dev"
optional = false
python-versions = ">=3.9"

[[package]]
name = "pycparser"
version = "2.22"
description = "C parser in Python"
category = "main"
optional = false
python-versions = ">=3.8"

[[package]]
name = "pyflakes"
version = "3.4.0"
description = "passive checker of Python programs"
category = "dev"
optional = false
python-versions = ">=3.9"

[[package]]
name = "pygments"
version = "2.19.2"
description = "Pygments is a syntax highlighting package written in Python."
category = "main"
optional = false
python-versions = ">=3.8"

[package.extras]
windows-terminal = ["colorama (>=0.4.6)"]

[[package]]
name = "pygments-pprint-sql"
version = "0.1.0"
description = "Pretty format your SQL queries for easier reading."
category = "main"
optional = false
python-versions = "*"

[package.dependencies]
Pygments = "*"

[[package]]
name = "pyjwt"
version = "2.10.1"
description = "JSON Web Token implementation in Python"
category = "main"
optional = false
python-versions = ">=3.9"

[package.dependencies]
cryptography = {version = ">=3.4.0", optional = true, markers = "extra == \"crypto\""}

[package.extras]
crypto = ["cryptography (>=3.4.0)"]
dev = ["coverage[toml] (==5.0.4)", "cryptography (>=3.4.0)", "pre-commit", "pytest (>=6.0.0,<7.0.0)", "sphinx", "sphinx-rtd-theme", "zope.interface"]
docs = ["sphinx", "sphinx-rtd-theme", "zope.interface"]
tests = ["coverage[toml] (==5.0.4)", "pytest (>=6.0.0,<7.0.0)"]

[[package]]
name = "pymemcache"
version = "4.0.0"
description = "A comprehensive, fast, pure Python memcached client"
category = "main"
optional = false
python-versions = ">=3.7"

[[package]]
name = "pytest"
version = "8.4.1"
description = "pytest: simple powerful testing with Python"
category = "dev"
optional = false
python-versions = ">=3.9"

[package.dependencies]
colorama = {version = ">=0.4", markers = "sys_platform == \"win32\""}
exceptiongroup = {version = ">=1", markers = "python_version < \"3.11\""}
iniconfig = ">=1"
packaging = ">=20"
pluggy = ">=1.5,<2"
pygments = ">=2.7.2"
tomli = {version = ">=1", markers = "python_version < \"3.11\""}

[package.extras]
dev = ["argcomplete", "attrs (>=19.2)", "hypothesis (>=3.56)", "mock", "requests", "setuptools", "xmlschema"]

[[package]]
name = "pytest-cov"
version = "6.2.1"
description = "Pytest plugin for measuring coverage."
category = "dev"
optional = false
python-versions = ">=3.9"

[package.dependencies]
coverage = {version = ">=7.5", extras = ["toml"]}
pluggy = ">=1.2"
pytest = ">=6.2.5"

[package.extras]
testing = ["fields", "hunter", "process-tests", "pytest-xdist", "virtualenv"]

[[package]]
name = "pytest-django"
version = "4.11.1"
description = "A Django plugin for pytest."
category = "dev"
optional = false
python-versions = ">=3.8"

[package.dependencies]
pytest = ">=7.0.0"

[package.extras]
docs = ["sphinx", "sphinx-rtd-theme"]
testing = ["django", "django-configurations (>=2.0)"]

[[package]]
name = "python-dateutil"
version = "2.9.0.post0"
description = "Extensions to the standard Python datetime module"
category = "main"
optional = false
python-versions = "!=3.0.*,!=3.1.*,!=3.2.*,>=2.7"

[package.dependencies]
six = ">=1.5"

[[package]]
name = "pytz"
version = "2025.2"
description = "World timezone definitions, modern and historical"
category = "main"
optional = false
python-versions = "*"

[[package]]
name = "pyyaml"
version = "6.0.2"
description = "YAML parser and emitter for Python"
category = "main"
optional = false
python-versions = ">=3.8"

[[package]]
name = "redis"
version = "5.3.1"
description = "Python client for Redis database and key-value store"
category = "main"
optional = false
python-versions = ">=3.8"

[package.dependencies]
async-timeout = {version = ">=4.0.3", markers = "python_full_version < \"3.11.3\""}
PyJWT = ">=2.9.0"

[package.extras]
hiredis = ["hiredis (>=3.0.0)"]
ocsp = ["cryptography (>=36.0.1)", "pyopenssl (==23.2.1)", "requests (>=2.31.0)"]

[[package]]
name = "referencing"
version = "0.36.2"
description = "JSON Referencing + Python"
category = "main"
optional = false
python-versions = ">=3.9"

[package.dependencies]
attrs = ">=22.2.0"
rpds-py = ">=0.7.0"
typing-extensions = {version = ">=4.4.0", markers = "python_version < \"3.13\""}

[[package]]
name = "rpds-py"
version = "0.27.1"
description = "Python bindings to Rust's persistent data structures (rpds)"
category = "main"
optional = false
python-versions = ">=3.9"

[[package]]
name = "six"
version = "1.17.0"
description = "Python 2 and 3 compatibility utilities"
category = "main"
optional = false
python-versions = "!=3.0.*,!=3.1.*,!=3.2.*,>=2.7"

[[package]]
name = "sqlparse"
version = "0.5.3"
description = "A non-validating SQL parser."
category = "main"
optional = false
python-versions = ">=3.8"

[package.extras]
dev = ["build", "hatch"]
doc = ["sphinx"]

[[package]]
name = "tomli"
version = "2.2.1"
description = "A lil' TOML parser"
category = "dev"
optional = false
python-versions = ">=3.8"

[[package]]
name = "tqdm"
version = "4.67.1"
description = "Fast, Extensible Progress Meter"
category = "main"
optional = false
python-versions = ">=3.7"

[package.dependencies]
colorama = {version = "*", markers = "platform_system == \"Windows\""}

[package.extras]
dev = ["pytest (>=6)", "pytest-cov", "pytest-timeout", "pytest-asyncio (>=0.24)", "nbval"]
discord = ["requests"]
slack = ["slack-sdk"]
telegram = ["requests"]
notebook = ["ipywidgets (>=6)"]

[[package]]
name = "typing-extensions"
version = "4.15.0"
description = "Backported and Experimental Type Hints for Python 3.9+"
category = "main"
optional = false
python-versions = ">=3.9"

[[package]]
name = "tzdata"
version = "2025.2"
description = "Provider of IANA time zone data"
category = "main"
optional = false
python-versions = ">=2"

[[package]]
name = "uritemplate"
version = "4.2.0"
description = "Implementation of RFC 6570 URI Templates"
category = "main"
optional = false
python-versions = ">=3.9"

[[package]]
name = "urllib3"
version = "2.5.0"
description = "HTTP library with thread-safe connection pooling, file post, and more."
category = "main"
optional = false
python-versions = ">=3.9"

[package.extras]
brotli = ["brotli (>=1.0.9)", "brotlicffi (>=0.8.0)"]
h2 = ["h2 (>=4,<5)"]
socks = ["pysocks (>=1.5.6,!=1.5.7,<2.0)"]
zstd = ["zstandard (>=0.18.0)"]

[[package]]
name = "uwsgi"
version = "2.0.30"
description = "The uWSGI server"
category = "main"
optional = false
python-versions = "*"

[[package]]
name = "vine"
version = "5.1.0"
description = "Python promises."
category = "main"
optional = false
python-versions = ">=3.6"

[[package]]
name = "wcwidth"
version = "0.2.13"
description = "Measures the displayed width of unicode strings in a terminal"
category = "main"
optional = false
python-versions = "*"

[[package]]
name = "yarl"
version = "1.20.1"
description = "Yet another URL library"
category = "main"
optional = false
python-versions = ">=3.9"

[package.dependencies]
idna = ">=2.0"
multidict = ">=4.0"
propcache = ">=0.2.1"

[metadata]
lock-version = "1.1"
python-versions = "^3.10"
content-hash = "93c8d49ff2478406842092424e81f921ac4a616a5e11b6e6ef4865670e8a7ab8"

[metadata.files]
aiohappyeyeballs = []
aiohttp = []
aiosignal = []
amqp = []
asgiref = []
async-timeout = []
asyncio = []
attrs = []
billiard = []
black = []
celery = []
cffi = []
click = []
click-didyoumean = []
click-plugins = []
click-repl = []
colorama = []
coverage = []
cryptography = []
dj-rest-auth = []
django = []
django-allauth = []
django-cors-headers = []
django-environ = []
django-extensions = []
django-filter = []
djangorestframework = []
drf-jwt = []
drf-spectacular = []
exceptiongroup = []
flake8 = []
frozenlist = []
grpcio = []
grpcio-tools = []
idna = []
imageio = []
inflection = []
iniconfig = []
isort = []
jsonschema = []
jsonschema-specifications = []
kombu = []
markdown = []
mccabe = []
multidict = []
mypy-extensions = []
numpy = []
packaging = []
pandas = []
pathspec = []
pillow = []
platformdirs = []
pluggy = []
prompt-toolkit = []
propcache = []
protobuf = []
psycopg2 = []
psycopg2-binary = []
pycodestyle = []
pycparser = []
pyflakes = []
pygments = []
pygments-pprint-sql = []
pyjwt = []
pymemcache = []
pytest = []
pytest-cov = []
pytest-django = []
python-dateutil = []
pytz = []
pyyaml = []
redis = []
referencing = []
rpds-py = []
six = []
sqlparse = []
tomli = []
tqdm = []
typing-extensions = []
tzdata = []
uritemplate = []
urllib3 = []
uwsgi = []
vine = []
wcwidth = []
yarl = []
